
Microsoft Visual Studio Solution File, Format Version 12.00
# Visual Studio Version 17
VisualStudioVersion = 17.0.31903.59
MinimumVisualStudioVersion = 10.0.40219.1
Project("{FAE04EC0-301F-11D3-BF4B-00C04F79EFBC}") = "WarrantyBee.Core", "WarrantyBee.Core\WarrantyBee.Core.csproj", "{3F880C59-F6B8-485A-8D8A-461D8C233B49}"
EndProject
Project("{FAE04EC0-301F-11D3-BF4B-00C04F79EFBC}") = "WarrantyBee.Infrastructure", "WarrantyBee.Infrastructure\WarrantyBee.Infrastructure.csproj", "{F564E4C6-D487-40AA-96DD-4EA4805200CA}"
EndProject
Project("{FAE04EC0-301F-11D3-BF4B-00C04F79EFBC}") = "WarrantyBee.Security", "WarrantyBee.Security\WarrantyBee.Security.csproj", "{976EDB9A-671F-4DB4-A7BF-F1AFCE277315}"
EndProject
Global
	GlobalSection(SolutionConfigurationPlatforms) = preSolution
		Debug|Any CPU = Debug|Any CPU
		Release|Any CPU = Release|Any CPU
	EndGlobalSection
	GlobalSection(SolutionProperties) = preSolution
		HideSolutionNode = FALSE
	EndGlobalSection
	GlobalSection(ProjectConfigurationPlatforms) = postSolution
		{3F880C59-F6B8-485A-8D8A-461D8C233B49}.Debug|Any CPU.ActiveCfg = Debug|Any CPU
		{3F880C59-F6B8-485A-8D8A-461D8C233B49}.Debug|Any CPU.Build.0 = Debug|Any CPU
		{3F880C59-F6B8-485A-8D8A-461D8C233B49}.Release|Any CPU.ActiveCfg = Release|Any CPU
		{3F880C59-F6B8-485A-8D8A-461D8C233B49}.Release|Any CPU.Build.0 = Release|Any CPU
		{F564E4C6-D487-40AA-96DD-4EA4805200CA}.Debug|Any CPU.ActiveCfg = Debug|Any CPU
		{F564E4C6-D487-40AA-96DD-4EA4805200CA}.Debug|Any CPU.Build.0 = Debug|Any CPU
		{F564E4C6-D487-40AA-96DD-4EA4805200CA}.Release|Any CPU.ActiveCfg = Release|Any CPU
		{F564E4C6-D487-40AA-96DD-4EA4805200CA}.Release|Any CPU.Build.0 = Release|Any CPU
		{976EDB9A-671F-4DB4-A7BF-F1AFCE277315}.Debug|Any CPU.ActiveCfg = Debug|Any CPU
		{976EDB9A-671F-4DB4-A7BF-F1AFCE277315}.Debug|Any CPU.Build.0 = Debug|Any CPU
		{976EDB9A-671F-4DB4-A7BF-F1AFCE277315}.Release|Any CPU.ActiveCfg = Release|Any CPU
		{976EDB9A-671F-4DB4-A7BF-F1AFCE277315}.Release|Any CPU.Build.0 = Release|Any CPU
	EndGlobalSection
EndGlobal
